
Microsoft Visual Studio Solution File, Format Version 12.00
# Visual Studio 15
Project("{FAE04EC0-301F-11D3-BF4B-00C04F79EFBC}") = "UserService", "UserService\UserService.csproj", "{061B283D-EF13-464A-AE43-C8083504EE46}"
EndProject
Project("{E53339B2-1760-4266-BCC7-CA923CBCF16C}") = "docker-compose", "docker-compose.dcproj", "{612D12E9-6268-42B5-B845-F303D0E00867}"
EndProject
Global
	GlobalSection(SolutionConfigurationPlatforms) = preSolution
		Debug|Any CPU = Debug|Any CPU
		Release|Any CPU = Release|Any CPU
	EndGlobalSection
	GlobalSection(ProjectConfigurationPlatforms) = postSolution
		{061B283D-EF13-464A-AE43-C8083504EE46}.Debug|Any CPU.ActiveCfg = Debug|Any CPU
		{061B283D-EF13-464A-AE43-C8083504EE46}.Debug|Any CPU.Build.0 = Debug|Any CPU
		{061B283D-EF13-464A-AE43-C8083504EE46}.Release|Any CPU.ActiveCfg = Release|Any CPU
		{061B283D-EF13-464A-AE43-C8083504EE46}.Release|Any CPU.Build.0 = Release|Any CPU
		{612D12E9-6268-42B5-B845-F303D0E00867}.Debug|Any CPU.ActiveCfg = Debug|Any CPU
		{612D12E9-6268-42B5-B845-F303D0E00867}.Debug|Any CPU.Build.0 = Debug|Any CPU
		{612D12E9-6268-42B5-B845-F303D0E00867}.Release|Any CPU.ActiveCfg = Release|Any CPU
		{612D12E9-6268-42B5-B845-F303D0E00867}.Release|Any CPU.Build.0 = Release|Any CPU
	EndGlobalSection
EndGlobal
